
Microsoft Visual Studio Solution File, Format Version 12.00
# Visual Studio Version 17
VisualStudioVersion = 17.3.32819.101
MinimumVisualStudioVersion = 10.0.40219.1
Project("{9A19103F-16F7-4668-BE54-9A1E7A4F7556}") = "QuickStockTaker", "QuickStockTaker\QuickStockTaker.csproj", "{A1AFF377-3AB5-42B3-8671-971FE984F95C}"
EndProject
Project("{9A19103F-16F7-4668-BE54-9A1E7A4F7556}") = "QuickStockTaker.Core", "QuickStockTaker.Core\QuickStockTaker.Core.csproj", "{4F064F71-ACD5-4BE3-978C-1A8C243FDDB2}"
EndProject
Project("{FAE04EC0-301F-11D3-BF4B-00C04F79EFBC}") = "QuickStockTaker.UnitTest", "QuickStockTaker.UnitTest\QuickStockTaker.UnitTest.csproj", "{0DB010CB-6DF7-46B6-A2F3-E15878D825CC}"
EndProject
Global
	GlobalSection(SolutionConfigurationPlatforms) = preSolution
		Debug|Any CPU = Debug|Any CPU
		Release|Any CPU = Release|Any CPU
	EndGlobalSection
	GlobalSection(ProjectConfigurationPlatforms) = postSolution
		{A1AFF377-3AB5-42B3-8671-971FE984F95C}.Debug|Any CPU.ActiveCfg = Debug|Any CPU
		{A1AFF377-3AB5-42B3-8671-971FE984F95C}.Debug|Any CPU.Build.0 = Debug|Any CPU
		{A1AFF377-3AB5-42B3-8671-971FE984F95C}.Debug|Any CPU.Deploy.0 = Debug|Any CPU
		{A1AFF377-3AB5-42B3-8671-971FE984F95C}.Release|Any CPU.ActiveCfg = Release|Any CPU
		{A1AFF377-3AB5-42B3-8671-971FE984F95C}.Release|Any CPU.Build.0 = Release|Any CPU
		{A1AFF377-3AB5-42B3-8671-971FE984F95C}.Release|Any CPU.Deploy.0 = Release|Any CPU
		{4F064F71-ACD5-4BE3-978C-1A8C243FDDB2}.Debug|Any CPU.ActiveCfg = Debug|Any CPU
		{4F064F71-ACD5-4BE3-978C-1A8C243FDDB2}.Debug|Any CPU.Build.0 = Debug|Any CPU
		{4F064F71-ACD5-4BE3-978C-1A8C243FDDB2}.Release|Any CPU.ActiveCfg = Release|Any CPU
		{4F064F71-ACD5-4BE3-978C-1A8C243FDDB2}.Release|Any CPU.Build.0 = Release|Any CPU
		{0DB010CB-6DF7-46B6-A2F3-E15878D825CC}.Debug|Any CPU.ActiveCfg = Debug|Any CPU
		{0DB010CB-6DF7-46B6-A2F3-E15878D825CC}.Debug|Any CPU.Build.0 = Debug|Any CPU
		{0DB010CB-6DF7-46B6-A2F3-E15878D825CC}.Release|Any CPU.ActiveCfg = Release|Any CPU
		{0DB010CB-6DF7-46B6-A2F3-E15878D825CC}.Release|Any CPU.Build.0 = Release|Any CPU
	EndGlobalSection
	GlobalSection(SolutionProperties) = preSolution
		HideSolutionNode = FALSE
	EndGlobalSection
	GlobalSection(ExtensibilityGlobals) = postSolution
		SolutionGuid = {8AC21D0A-5CC3-480E-971D-476751070CB7}
	EndGlobalSection
EndGlobal
